
Microsoft Visual Studio Solution File, Format Version 12.00
# Visual Studio Version 16
VisualStudioVersion = 16.0.30114.105
MinimumVisualStudioVersion = 10.0.40219.1
Project("{9A19103F-16F7-4668-BE54-9A1E7A4F7556}") = "Downgrooves.Domain", "Downgrooves.Domain\Downgrooves.Domain.csproj", "{1B1857D8-2848-42FB-B46B-87B3FC9ABEB4}"
EndProject
Project("{9A19103F-16F7-4668-BE54-9A1E7A4F7556}") = "Downgrooves.Persistence", "Downgrooves.Persistence\Downgrooves.Persistence.csproj", "{4305F677-7CD7-48D4-897D-2B0FD31FB015}"
EndProject
Project("{9A19103F-16F7-4668-BE54-9A1E7A4F7556}") = "Downgrooves.Service", "Downgrooves.Service\Downgrooves.Service.csproj", "{40E55871-765A-457C-B88D-1481A00186AA}"
EndProject
Project("{9A19103F-16F7-4668-BE54-9A1E7A4F7556}") = "Downgrooves.WebApi", "Downgrooves.WebApi\Downgrooves.WebApi.csproj", "{FA101A6D-96EE-4A33-B4DE-DD0EF386F972}"
EndProject
Project("{2150E333-8FDC-42A3-9474-1A3956D46DE8}") = "Solution Items", "Solution Items", "{949E788A-D191-4CEE-8567-DB76D36884FA}"
	ProjectSection(SolutionItems) = preProject
		README.md = README.md
	EndProjectSection
EndProject
Project("{FAE04EC0-301F-11D3-BF4B-00C04F79EFBC}") = "ITunesLoader", "ITunesLoader\ITunesLoader.csproj", "{F420FA9A-6B4C-4EE5-89AD-326DC10B11B2}"
EndProject
Project("{2150E333-8FDC-42A3-9474-1A3956D46DE8}") = "Database", "Database", "{B6833498-EE6F-447F-9DB7-18CDF5B1F763}"
	ProjectSection(SolutionItems) = preProject
		Database\downgrooves.db = Database\downgrooves.db
	EndProjectSection
EndProject
Global
	GlobalSection(SolutionConfigurationPlatforms) = preSolution
		Debug|Any CPU = Debug|Any CPU
		Debug|x64 = Debug|x64
		Debug|x86 = Debug|x86
		Release|Any CPU = Release|Any CPU
		Release|x64 = Release|x64
		Release|x86 = Release|x86
	EndGlobalSection
	GlobalSection(ProjectConfigurationPlatforms) = postSolution
		{1B1857D8-2848-42FB-B46B-87B3FC9ABEB4}.Debug|Any CPU.ActiveCfg = Debug|Any CPU
		{1B1857D8-2848-42FB-B46B-87B3FC9ABEB4}.Debug|Any CPU.Build.0 = Debug|Any CPU
		{1B1857D8-2848-42FB-B46B-87B3FC9ABEB4}.Debug|x64.ActiveCfg = Debug|Any CPU
		{1B1857D8-2848-42FB-B46B-87B3FC9ABEB4}.Debug|x64.Build.0 = Debug|Any CPU
		{1B1857D8-2848-42FB-B46B-87B3FC9ABEB4}.Debug|x86.ActiveCfg = Debug|Any CPU
		{1B1857D8-2848-42FB-B46B-87B3FC9ABEB4}.Debug|x86.Build.0 = Debug|Any CPU
		{1B1857D8-2848-42FB-B46B-87B3FC9ABEB4}.Release|Any CPU.ActiveCfg = Release|Any CPU
		{1B1857D8-2848-42FB-B46B-87B3FC9ABEB4}.Release|Any CPU.Build.0 = Release|Any CPU
		{1B1857D8-2848-42FB-B46B-87B3FC9ABEB4}.Release|x64.ActiveCfg = Release|Any CPU
		{1B1857D8-2848-42FB-B46B-87B3FC9ABEB4}.Release|x64.Build.0 = Release|Any CPU
		{1B1857D8-2848-42FB-B46B-87B3FC9ABEB4}.Release|x86.ActiveCfg = Release|Any CPU
		{1B1857D8-2848-42FB-B46B-87B3FC9ABEB4}.Release|x86.Build.0 = Release|Any CPU
		{4305F677-7CD7-48D4-897D-2B0FD31FB015}.Debug|Any CPU.ActiveCfg = Debug|Any CPU
		{4305F677-7CD7-48D4-897D-2B0FD31FB015}.Debug|Any CPU.Build.0 = Debug|Any CPU
		{4305F677-7CD7-48D4-897D-2B0FD31FB015}.Debug|x64.ActiveCfg = Debug|Any CPU
		{4305F677-7CD7-48D4-897D-2B0FD31FB015}.Debug|x64.Build.0 = Debug|Any CPU
		{4305F677-7CD7-48D4-897D-2B0FD31FB015}.Debug|x86.ActiveCfg = Debug|Any CPU
		{4305F677-7CD7-48D4-897D-2B0FD31FB015}.Debug|x86.Build.0 = Debug|Any CPU
		{4305F677-7CD7-48D4-897D-2B0FD31FB015}.Release|Any CPU.ActiveCfg = Release|Any CPU
		{4305F677-7CD7-48D4-897D-2B0FD31FB015}.Release|Any CPU.Build.0 = Release|Any CPU
		{4305F677-7CD7-48D4-897D-2B0FD31FB015}.Release|x64.ActiveCfg = Release|Any CPU
		{4305F677-7CD7-48D4-897D-2B0FD31FB015}.Release|x64.Build.0 = Release|Any CPU
		{4305F677-7CD7-48D4-897D-2B0FD31FB015}.Release|x86.ActiveCfg = Release|Any CPU
		{4305F677-7CD7-48D4-897D-2B0FD31FB015}.Release|x86.Build.0 = Release|Any CPU
		{40E55871-765A-457C-B88D-1481A00186AA}.Debug|Any CPU.ActiveCfg = Debug|Any CPU
		{40E55871-765A-457C-B88D-1481A00186AA}.Debug|Any CPU.Build.0 = Debug|Any CPU
		{40E55871-765A-457C-B88D-1481A00186AA}.Debug|x64.ActiveCfg = Debug|Any CPU
		{40E55871-765A-457C-B88D-1481A00186AA}.Debug|x64.Build.0 = Debug|Any CPU
		{40E55871-765A-457C-B88D-1481A00186AA}.Debug|x86.ActiveCfg = Debug|Any CPU
		{40E55871-765A-457C-B88D-1481A00186AA}.Debug|x86.Build.0 = Debug|Any CPU
		{40E55871-765A-457C-B88D-1481A00186AA}.Release|Any CPU.ActiveCfg = Release|Any CPU
		{40E55871-765A-457C-B88D-1481A00186AA}.Release|Any CPU.Build.0 = Release|Any CPU
		{40E55871-765A-457C-B88D-1481A00186AA}.Release|x64.ActiveCfg = Release|Any CPU
		{40E55871-765A-457C-B88D-1481A00186AA}.Release|x64.Build.0 = Release|Any CPU
		{40E55871-765A-457C-B88D-1481A00186AA}.Release|x86.ActiveCfg = Release|Any CPU
		{40E55871-765A-457C-B88D-1481A00186AA}.Release|x86.Build.0 = Release|Any CPU
		{FA101A6D-96EE-4A33-B4DE-DD0EF386F972}.Debug|Any CPU.ActiveCfg = Debug|Any CPU
		{FA101A6D-96EE-4A33-B4DE-DD0EF386F972}.Debug|Any CPU.Build.0 = Debug|Any CPU
		{FA101A6D-96EE-4A33-B4DE-DD0EF386F972}.Debug|x64.ActiveCfg = Debug|Any CPU
		{FA101A6D-96EE-4A33-B4DE-DD0EF386F972}.Debug|x64.Build.0 = Debug|Any CPU
		{FA101A6D-96EE-4A33-B4DE-DD0EF386F972}.Debug|x86.ActiveCfg = Debug|Any CPU
		{FA101A6D-96EE-4A33-B4DE-DD0EF386F972}.Debug|x86.Build.0 = Debug|Any CPU
		{FA101A6D-96EE-4A33-B4DE-DD0EF386F972}.Release|Any CPU.ActiveCfg = Release|Any CPU
		{FA101A6D-96EE-4A33-B4DE-DD0EF386F972}.Release|Any CPU.Build.0 = Release|Any CPU
		{FA101A6D-96EE-4A33-B4DE-DD0EF386F972}.Release|x64.ActiveCfg = Release|Any CPU
		{FA101A6D-96EE-4A33-B4DE-DD0EF386F972}.Release|x64.Build.0 = Release|Any CPU
		{FA101A6D-96EE-4A33-B4DE-DD0EF386F972}.Release|x86.ActiveCfg = Release|Any CPU
		{FA101A6D-96EE-4A33-B4DE-DD0EF386F972}.Release|x86.Build.0 = Release|Any CPU
		{F420FA9A-6B4C-4EE5-89AD-326DC10B11B2}.Debug|Any CPU.ActiveCfg = Debug|Any CPU
		{F420FA9A-6B4C-4EE5-89AD-326DC10B11B2}.Debug|Any CPU.Build.0 = Debug|Any CPU
		{F420FA9A-6B4C-4EE5-89AD-326DC10B11B2}.Debug|x64.ActiveCfg = Debug|Any CPU
		{F420FA9A-6B4C-4EE5-89AD-326DC10B11B2}.Debug|x64.Build.0 = Debug|Any CPU
		{F420FA9A-6B4C-4EE5-89AD-326DC10B11B2}.Debug|x86.ActiveCfg = Debug|Any CPU
		{F420FA9A-6B4C-4EE5-89AD-326DC10B11B2}.Debug|x86.Build.0 = Debug|Any CPU
		{F420FA9A-6B4C-4EE5-89AD-326DC10B11B2}.Release|Any CPU.ActiveCfg = Release|Any CPU
		{F420FA9A-6B4C-4EE5-89AD-326DC10B11B2}.Release|Any CPU.Build.0 = Release|Any CPU
		{F420FA9A-6B4C-4EE5-89AD-326DC10B11B2}.Release|x64.ActiveCfg = Release|Any CPU
		{F420FA9A-6B4C-4EE5-89AD-326DC10B11B2}.Release|x64.Build.0 = Release|Any CPU
		{F420FA9A-6B4C-4EE5-89AD-326DC10B11B2}.Release|x86.ActiveCfg = Release|Any CPU
		{F420FA9A-6B4C-4EE5-89AD-326DC10B11B2}.Release|x86.Build.0 = Release|Any CPU
	EndGlobalSection
	GlobalSection(SolutionProperties) = preSolution
		HideSolutionNode = FALSE
	EndGlobalSection
	GlobalSection(ExtensibilityGlobals) = postSolution
		SolutionGuid = {BD2E54BF-2214-42DD-8FB7-78B6F5B8CE29}
	EndGlobalSection
EndGlobal
